
Microsoft Visual Studio Solution File, Format Version 12.00
# Visual Studio Version 16
VisualStudioVersion = 16.0.28922.388
MinimumVisualStudioVersion = 10.0.40219.1
Project("{FAE04EC0-301F-11D3-BF4B-00C04F79EFBC}") = "JID", "JID\JID.csproj", "{D6BA5948-3518-48E9-A6BA-B22AD52D6070}"
EndProject
Global
	GlobalSection(SolutionConfigurationPlatforms) = preSolution
		Debug|Any CPU = Debug|Any CPU
		Release|Any CPU = Release|Any CPU
	EndGlobalSection
	GlobalSection(ProjectConfigurationPlatforms) = postSolution
		{D6BA5948-3518-48E9-A6BA-B22AD52D6070}.Debug|Any CPU.ActiveCfg = Debug|Any CPU
		{D6BA5948-3518-48E9-A6BA-B22AD52D6070}.Debug|Any CPU.Build.0 = Debug|Any CPU
		{D6BA5948-3518-48E9-A6BA-B22AD52D6070}.Release|Any CPU.ActiveCfg = Release|Any CPU
		{D6BA5948-3518-48E9-A6BA-B22AD52D6070}.Release|Any CPU.Build.0 = Release|Any CPU
	EndGlobalSection
	GlobalSection(SolutionProperties) = preSolution
		HideSolutionNode = FALSE
	EndGlobalSection
	GlobalSection(ExtensibilityGlobals) = postSolution
		SolutionGuid = {52B39781-6A35-4F98-B139-39EE76B33666}
	EndGlobalSection
EndGlobal
